{
  "version": 4,
  "terraform_version": "0.12.5",
  "serial": 609,
  "lineage": "8a2c8922-a714-79e3-0633-9b067e3875a7",
  "outputs": {},
  "resources": [
    {
      "mode": "data",
      "type": "template_file",
      "name": "sfn_blue_green_ebs_deployment",
      "provider": "provider.template",
      "instances": []
    },
    {
      "mode": "managed",
      "type": "aws_elastic_beanstalk_application",
      "name": "streetbees_cats",
      "provider": "provider.aws",
      "instances": [
        {
          "schema_version": 0,
          "attributes": {
            "appversion_lifecycle": [],
            "arn": "arn:aws:elasticbeanstalk:eu-west-1:858463413507:application/streetbees-cats",
            "description": "Ruby Web app for cat lovers.",
            "id": "streetbees-cats",
            "name": "streetbees-cats",
            "tags": {}
          }
        }
      ]
    },
    {
      "mode": "managed",
      "type": "aws_elastic_beanstalk_configuration_template",
      "name": "streetbees_cats_configuration",
      "provider": "provider.aws",
      "instances": []
    },
    {
      "mode": "managed",
      "type": "aws_iam_policy",
      "name": "streetbees_step_functions_deployment_policy",
      "provider": "provider.aws",
      "instances": []
    },
    {
      "mode": "managed",
      "type": "aws_iam_role_policy_attachment",
      "name": "streetbees_ebs_policy_attachment",
      "provider": "provider.aws",
      "instances": []
    },
    {
      "mode": "managed",
      "type": "aws_iam_role_policy_attachment",
      "name": "streetbees_sfn_policy_attachment",
      "provider": "provider.aws",
      "instances": []
    },
    {
      "mode": "managed",
      "type": "aws_lambda_function",
      "name": "lambda_check_ebs_application_version_readiness",
      "provider": "provider.aws",
      "instances": []
    },
    {
      "mode": "managed",
      "type": "aws_lambda_function",
      "name": "lambda_check_ebs_environment_readiness",
      "provider": "provider.aws",
      "instances": []
    },
    {
      "mode": "managed",
      "type": "aws_lambda_function",
      "name": "lambda_create_ebs_application_version",
      "provider": "provider.aws",
      "instances": []
    },
    {
      "mode": "managed",
      "type": "aws_lambda_function",
      "name": "lambda_create_ebs_environment",
      "provider": "provider.aws",
      "instances": []
    },
    {
      "mode": "managed",
      "type": "aws_lambda_function",
      "name": "lambda_deploy_ebs_application",
      "provider": "provider.aws",
      "instances": []
    },
    {
      "mode": "managed",
      "type": "aws_lambda_function",
      "name": "lambda_evaluate_ebs_application_versions",
      "provider": "provider.aws",
      "instances": []
    },
    {
      "mode": "managed",
      "type": "aws_lambda_function",
      "name": "lambda_evaluate_ebs_environments",
      "provider": "provider.aws",
      "instances": []
    },
    {
      "mode": "managed",
      "type": "aws_lambda_function",
      "name": "lambda_swap_ebs_blue_green",
      "provider": "provider.aws",
      "instances": []
    },
    {
      "mode": "managed",
      "type": "aws_lambda_function",
      "name": "lambda_terminate_ebs_environment",
      "provider": "provider.aws",
      "instances": []
    },
    {
      "mode": "managed",
      "type": "aws_s3_bucket",
      "name": "streetbees_deployment_bucket",
      "provider": "provider.aws",
      "instances": []
    },
    {
      "mode": "managed",
      "type": "aws_s3_bucket_object",
      "name": "streetbees_cats_archive",
      "provider": "provider.aws",
      "instances": []
    },
    {
      "mode": "managed",
      "type": "aws_sfn_state_machine",
      "name": "sfn_blue_green_ebs_deployment",
      "provider": "provider.aws",
      "instances": []
    },
    {
      "mode": "managed",
      "type": "local_file",
      "name": "state_machine_arn",
      "provider": "provider.local",
      "instances": []
    },
    {
      "mode": "managed",
      "type": "local_file",
      "name": "streetbees_cats_pipeline_input",
      "provider": "provider.local",
      "instances": []
    }
  ]
}
